// !$*UTF8*$!
{
	archiveVersion = 1;
	classes = {
	};
	objectVersion = 46;
	objects = {

/* Begin PBXBuildFile section */
		9CABC5F61F302DF900ED906F /* main.m in Sources */ = {isa = PBXBuildFile; fileRef = 9CABC5F51F302DF900ED906F /* main.m */; };
		9CABC5F91F302DF900ED906F /* AppDelegate.m in Sources */ = {isa = PBXBuildFile; fileRef = 9CABC5F81F302DF900ED906F /* AppDelegate.m */; };
		9CABC6011F302DF900ED906F /* Assets.xcassets in Resources */ = {isa = PBXBuildFile; fileRef = 9CABC6001F302DF900ED906F /* Assets.xcassets */; };
		9CABC6041F302DF900ED906F /* LaunchScreen.storyboard in Resources */ = {isa = PBXBuildFile; fileRef = 9CABC6021F302DF900ED906F /* LaunchScreen.storyboard */; };
		9CABC60D1F302E8C00ED906F /* WXTabBarController.m in Sources */ = {isa = PBXBuildFile; fileRef = 9CABC60C1F302E8C00ED906F /* WXTabBarController.m */; };
		9CABC6101F302F5E00ED906F /* WXOneViewController.m in Sources */ = {isa = PBXBuildFile; fileRef = 9CABC60F1F302F5E00ED906F /* WXOneViewController.m */; };
		9CABC6131F302F6A00ED906F /* WXTwoViewController.m in Sources */ = {isa = PBXBuildFile; fileRef = 9CABC6121F302F6A00ED906F /* WXTwoViewController.m */; };
		9CABC6161F302F7C00ED906F /* WXThreeViewController.m in Sources */ = {isa = PBXBuildFile; fileRef = 9CABC6151F302F7C00ED906F /* WXThreeViewController.m */; };
		9CABC6191F302F8E00ED906F /* WXFourViewController.m in Sources */ = {isa = PBXBuildFile; fileRef = 9CABC6181F302F8E00ED906F /* WXFourViewController.m */; };
/* End PBXBuildFile section */

/* Begin PBXFileReference section */
		9CABC5F11F302DF900ED906F /* 仿美团tabbar.app */ = {isa = PBXFileReference; explicitFileType = wrapper.application; includeInIndex = 0; path = "仿美团tabbar.app"; sourceTree = BUILT_PRODUCTS_DIR; };
		9CABC5F51F302DF900ED906F /* main.m */ = {isa = PBXFileReference; lastKnownFileType = sourcecode.c.objc; path = main.m; sourceTree = "<group>"; };
		9CABC5F71F302DF900ED906F /* AppDelegate.h */ = {isa = PBXFileReference; lastKnownFileType = sourcecode.c.h; path = AppDelegate.h; sourceTree = "<group>"; };
		9CABC5F81F302DF900ED906F /* AppDelegate.m */ = {isa = PBXFileReference; lastKnownFileType = sourcecode.c.objc; path = AppDelegate.m; sourceTree = "<group>"; };
		9CABC6001F302DF900ED906F /* Assets.xcassets */ = {isa = PBXFileReference; lastKnownFileType = folder.assetcatalog; path = Assets.xcassets; sourceTree = "<group>"; };
		9CABC6031F302DF900ED906F /* Base */ = {isa = PBXFileReference; lastKnownFileType = file.storyboard; name = Base; path = Base.lproj/LaunchScreen.storyboard; sourceTree = "<group>"; };
		9CABC6051F302DF900ED906F /* Info.plist */ = {isa = PBXFileReference; lastKnownFileType = text.plist.xml; path = Info.plist; sourceTree = "<group>"; };
		9CABC60B1F302E8C00ED906F /* WXTabBarController.h */ = {isa = PBXFileReference; fileEncoding = 4; lastKnownFileType = sourcecode.c.h; path = WXTabBarController.h; sourceTree = "<group>"; };
		9CABC60C1F302E8C00ED906F /* WXTabBarController.m */ = {isa = PBXFileReference; fileEncoding = 4; lastKnownFileType = sourcecode.c.objc; path = WXTabBarController.m; sourceTree = "<group>"; };
		9CABC60E1F302F5E00ED906F /* WXOneViewController.h */ = {isa = PBXFileReference; fileEncoding = 4; lastKnownFileType = sourcecode.c.h; path = WXOneViewController.h; sourceTree = "<group>"; };
		9CABC60F1F302F5E00ED906F /* WXOneViewController.m */ = {isa = PBXFileReference; fileEncoding = 4; lastKnownFileType = sourcecode.c.objc; path = WXOneViewController.m; sourceTree = "<group>"; };
		9CABC6111F302F6A00ED906F /* WXTwoViewController.h */ = {isa = PBXFileReference; fileEncoding = 4; lastKnownFileType = sourcecode.c.h; path = WXTwoViewController.h; sourceTree = "<group>"; };
		9CABC6121F302F6A00ED906F /* WXTwoViewController.m */ = {isa = PBXFileReference; fileEncoding = 4; lastKnownFileType = sourcecode.c.objc; path = WXTwoViewController.m; sourceTree = "<group>"; };
		9CABC6141F302F7C00ED906F /* WXThreeViewController.h */ = {isa = PBXFileReference; fileEncoding = 4; lastKnownFileType = sourcecode.c.h; path = WXThreeViewController.h; sourceTree = "<group>"; };
		9CABC6151F302F7C00ED906F /* WXThreeViewController.m */ = {isa = PBXFileReference; fileEncoding = 4; lastKnownFileType = sourcecode.c.objc; path = WXThreeViewController.m; sourceTree = "<group>"; };
		9CABC6171F302F8E00ED906F /* WXFourViewController.h */ = {isa = PBXFileReference; fileEncoding = 4; lastKnownFileType = sourcecode.c.h; path = WXFourViewController.h; sourceTree = "<group>"; };
		9CABC6181F302F8E00ED906F /* WXFourViewController.m */ = {isa = PBXFileReference; fileEncoding = 4; lastKnownFileType = sourcecode.c.objc; path = WXFourViewController.m; sourceTree = "<group>"; };
/* End PBXFileReference section */

/* Begin PBXFrameworksBuildPhase section */
		9CABC5EE1F302DF900ED906F /* Frameworks */ = {
			isa = PBXFrameworksBuildPhase;
			buildActionMask = 2147483647;
			files = (
			);
			runOnlyForDeploymentPostprocessing = 0;
		};
/* End PBXFrameworksBuildPhase section */

/* Begin PBXGroup section */
		9CABC5E81F302DF900ED906F = {
			isa = PBXGroup;
			children = (
				9CABC5F31F302DF900ED906F /* 仿美团tabbar */,
				9CABC5F21F302DF900ED906F /* Products */,
			);
			sourceTree = "<group>";
		};
		9CABC5F21F302DF900ED906F /* Products */ = {
			isa = PBXGroup;
			children = (
				9CABC5F11F302DF900ED906F /* 仿美团tabbar.app */,
			);
			name = Products;
			sourceTree = "<group>";
		};
		9CABC5F31F302DF900ED906F /* 仿美团tabbar */ = {
			isa = PBXGroup;
			children = (
				9CABC5F71F302DF900ED906F /* AppDelegate.h */,
				9CABC5F81F302DF900ED906F /* AppDelegate.m */,
				9CABC60B1F302E8C00ED906F /* WXTabBarController.h */,
				9CABC60C1F302E8C00ED906F /* WXTabBarController.m */,
				9CABC60E1F302F5E00ED906F /* WXOneViewController.h */,
				9CABC60F1F302F5E00ED906F /* WXOneViewController.m */,
				9CABC6111F302F6A00ED906F /* WXTwoViewController.h */,
				9CABC6121F302F6A00ED906F /* WXTwoViewController.m */,
				9CABC6141F302F7C00ED906F /* WXThreeViewController.h */,
				9CABC6151F302F7C00ED906F /* WXThreeViewController.m */,
				9CABC6171F302F8E00ED906F /* WXFourViewController.h */,
				9CABC6181F302F8E00ED906F /* WXFourViewController.m */,
				9CABC6001F302DF900ED906F /* Assets.xcassets */,
				9CABC6021F302DF900ED906F /* LaunchScreen.storyboard */,
				9CABC6051F302DF900ED906F /* Info.plist */,
				9CABC5F41F302DF900ED906F /* Supporting Files */,
			);
			path = "仿美团tabbar";
			sourceTree = "<group>";
		};
		9CABC5F41F302DF900ED906F /* Supporting Files */ = {
			isa = PBXGroup;
			children = (
				9CABC5F51F302DF900ED906F /* main.m */,
			);
			name = "Supporting Files";
			sourceTree = "<group>";
		};
/* End PBXGroup section */

/* Begin PBXNativeTarget section */
		9CABC5F01F302DF900ED906F /* 仿美团tabbar */ = {
			isa = PBXNativeTarget;
			buildConfigurationList = 9CABC6081F302DF900ED906F /* Build configuration list for PBXNativeTarget "仿美团tabbar" */;
			buildPhases = (
				9CABC5ED1F302DF900ED906F /* Sources */,
				9CABC5EE1F302DF900ED906F /* Frameworks */,
				9CABC5EF1F302DF900ED906F /* Resources */,
			);
			buildRules = (
			);
			dependencies = (
			);
			name = "仿美团tabbar";
			productName = "仿美团tabbar";
			productReference = 9CABC5F11F302DF900ED906F /* 仿美团tabbar.app */;
			productType = "com.apple.product-type.application";
		};
/* End PBXNativeTarget section */

/* Begin PBXProject section */
		9CABC5E91F302DF900ED906F /* Project object */ = {
			isa = PBXProject;
			attributes = {
				LastUpgradeCheck = 0830;
				ORGANIZATIONNAME = "new moon";
				TargetAttributes = {
					9CABC5F01F302DF900ED906F = {
						CreatedOnToolsVersion = 8.3.3;
						DevelopmentTeam = FWY9A99V5G;
						ProvisioningStyle = Automatic;
					};
				};
			};
			buildConfigurationList = 9CABC5EC1F302DF900ED906F /* Build configuration list for PBXProject "仿美团tabbar" */;
			compatibilityVersion = "Xcode 3.2";
			developmentRegion = English;
			hasScannedForEncodings = 0;
			knownRegions = (
				en,
				Base,
			);
			mainGroup = 9CABC5E81F302DF900ED906F;
			productRefGroup = 9CABC5F21F302DF900ED906F /* Products */;
			projectDirPath = "";
			projectRoot = "";
			targets = (
				9CABC5F01F302DF900ED906F /* 仿美团tabbar */,
			);
		};
/* End PBXProject section */

/* Begin PBXResourcesBuildPhase section */
		9CABC5EF1F302DF900ED906F /* Resources */ = {
			isa = PBXResourcesBuildPhase;
			buildActionMask = 2147483647;
			files = (
				9CABC6041F302DF900ED906F /* LaunchScreen.storyboard in Resources */,
				9CABC6011F302DF900ED906F /* Assets.xcassets in Resources */,
			);
			runOnlyForDeploymentPostprocessing = 0;
		};
/* End PBXResourcesBuildPhase section */

/* Begin PBXSourcesBuildPhase section */
		9CABC5ED1F302DF900ED906F /* Sources */ = {
			isa = PBXSourcesBuildPhase;
			buildActionMask = 2147483647;
			files = (
				9CABC6101F302F5E00ED906F /* WXOneViewController.m in Sources */,
				9CABC6131F302F6A00ED906F /* WXTwoViewController.m in Sources */,
				9CABC60D1F302E8C00ED906F /* WXTabBarController.m in Sources */,
				9CABC5F91F302DF900ED906F /* AppDelegate.m in Sources */,
				9CABC6191F302F8E00ED906F /* WXFourViewController.m in Sources */,
				9CABC6161F302F7C00ED906F /* WXThreeViewController.m in Sources */,
				9CABC5F61F302DF900ED906F /* main.m in Sources */,
			);
			runOnlyForDeploymentPostprocessing = 0;
		};
/* End PBXSourcesBuildPhase section */

/* Begin PBXVariantGroup section */
		9CABC6021F302DF900ED906F /* LaunchScreen.storyboard */ = {
			isa = PBXVariantGroup;
			children = (
				9CABC6031F302DF900ED906F /* Base */,
			);
			name = LaunchScreen.storyboard;
			sourceTree = "<group>";
		};
/* End PBXVariantGroup section */

/* Begin XCBuildConfiguration section */
		9CABC6061F302DF900ED906F /* Debug */ = {
			isa = XCBuildConfiguration;
			buildSettings = {
				ALWAYS_SEARCH_USER_PATHS = NO;
				CLANG_ANALYZER_NONNULL = YES;
				CLANG_ANALYZER_NUMBER_OBJECT_CONVERSION = YES_AGGRESSIVE;
				CLANG_CXX_LANGUAGE_STANDARD = "gnu++0x";
				CLANG_CXX_LIBRARY = "libc++";
				CLANG_ENABLE_MODULES = YES;
				CLANG_ENABLE_OBJC_ARC = YES;
				CLANG_WARN_BOOL_CONVERSION = YES;
				CLANG_WARN_CONSTANT_CONVERSION = YES;
				CLANG_WARN_DIRECT_OBJC_ISA_USAGE = YES_ERROR;
				CLANG_WARN_DOCUMENTATION_COMMENTS = YES;
				CLANG_WARN_EMPTY_BODY = YES;
				CLANG_WARN_ENUM_CONVERSION = YES;
				CLANG_WARN_INFINITE_RECURSION = YES;
				CLANG_WARN_INT_CONVERSION = YES;
				CLANG_WARN_OBJC_ROOT_CLASS = YES_ERROR;
				CLANG_WARN_SUSPICIOUS_MOVE = YES;
				CLANG_WARN_UNREACHABLE_CODE = YES;
				CLANG_WARN__DUPLICATE_METHOD_MATCH = YES;
				"CODE_SIGN_IDENTITY[sdk=iphoneos*]" = "iPhone Developer";
				COPY_PHASE_STRIP = NO;
				DEBUG_INFORMATION_FORMAT = dwarf;
				ENABLE_STRICT_OBJC_MSGSEND = YES;
				ENABLE_TESTABILITY = YES;
				GCC_C_LANGUAGE_STANDARD = gnu99;
				GCC_DYNAMIC_NO_PIC = NO;
				GCC_NO_COMMON_BLOCKS = YES;
				GCC_OPTIMIZATION_LEVEL = 0;
				GCC_PREPROCESSOR_DEFINITIONS = (
					"DEBUG=1",
					"$(inherited)",
				);
				GCC_WARN_64_TO_32_BIT_CONVERSION = YES;
				GCC_WARN_ABOUT_RETURN_TYPE = YES_ERROR;
				GCC_WARN_UNDECLARED_SELECTOR = YES;
				GCC_WARN_UNINITIALIZED_AUTOS = YES_AGGRESSIVE;
				GCC_WARN_UNUSED_FUNCTION = YES;
				GCC_WARN_UNUSED_VARIABLE = YES;
				IPHONEOS_DEPLOYMENT_TARGET = 10.3;
				MTL_ENABLE_DEBUG_INFO = YES;
				ONLY_ACTIVE_ARCH = YES;
				SDKROOT = iphoneos;
				TARGETED_DEVICE_FAMILY = 2;
			};
			name = Debug;
		};
		9CABC6071F302DF900ED906F /* Release */ = {
			isa = XCBuildConfiguration;
			buildSettings = {
				ALWAYS_SEARCH_USER_PATHS = NO;
				CLANG_ANALYZER_NONNULL = YES;
				CLANG_ANALYZER_NUMBER_OBJECT_CONVERSION = YES_AGGRESSIVE;
				CLANG_CXX_LANGUAGE_STANDARD = "gnu++0x";
				CLANG_CXX_LIBRARY = "libc++";
				CLANG_ENABLE_MODULES = YES;
				CLANG_ENABLE_OBJC_ARC = YES;
				CLANG_WARN_BOOL_CONVERSION = YES;
				CLANG_WARN_CONSTANT_CONVERSION = YES;
				CLANG_WARN_DIRECT_OBJC_ISA_USAGE = YES_ERROR;
				CLANG_WARN_DOCUMENTATION_COMMENTS = YES;
				CLANG_WARN_EMPTY_BODY = YES;
				CLANG_WARN_ENUM_CONVERSION = YES;
				CLANG_WARN_INFINITE_RECURSION = YES;
				CLANG_WARN_INT_CONVERSION = YES;
				CLANG_WARN_OBJC_ROOT_CLASS = YES_ERROR;
				CLANG_WARN_SUSPICIOUS_MOVE = YES;
				CLANG_WARN_UNREACHABLE_CODE = YES;
				CLANG_WARN__DUPLICATE_METHOD_MATCH = YES;
				"CODE_SIGN_IDENTITY[sdk=iphoneos*]" = "iPhone Developer";
				COPY_PHASE_STRIP = NO;
				DEBUG_INFORMATION_FORMAT = "dwarf-with-dsym";
				ENABLE_NS_ASSERTIONS = NO;
				ENABLE_STRICT_OBJC_MSGSEND = YES;
				GCC_C_LANGUAGE_STANDARD = gnu99;
				GCC_NO_COMMON_BLOCKS = YES;
				GCC_WARN_64_TO_32_BIT_CONVERSION = YES;
				GCC_WARN_ABOUT_RETURN_TYPE = YES_ERROR;
				GCC_WARN_UNDECLARED_SELECTOR = YES;
				GCC_WARN_UNINITIALIZED_AUTOS = YES_AGGRESSIVE;
				GCC_WARN_UNUSED_FUNCTION = YES;
				GCC_WARN_UNUSED_VARIABLE = YES;
				IPHONEOS_DEPLOYMENT_TARGET = 10.3;
				MTL_ENABLE_DEBUG_INFO = NO;
				SDKROOT = iphoneos;
				TARGETED_DEVICE_FAMILY = 2;
				VALIDATE_PRODUCT = YES;
			};
			name = Release;
		};
		9CABC6091F302DF900ED906F /* Debug */ = {
			isa = XCBuildConfiguration;
			buildSettings = {
				ASSETCATALOG_COMPILER_APPICON_NAME = AppIcon;
				DEVELOPMENT_TEAM = FWY9A99V5G;
				INFOPLIST_FILE = "仿美团tabbar/Info.plist";
				LD_RUNPATH_SEARCH_PATHS = "$(inherited) @executable_path/Frameworks";
				PRODUCT_BUNDLE_IDENTIFIER = "cn.new-moon.---tabbar";
				PRODUCT_NAME = "$(TARGET_NAME)";
				TARGETED_DEVICE_FAMILY = "1,2";
			};
			name = Debug;
		};
		9CABC60A1F302DF900ED906F /* Release */ = {
			isa = XCBuildConfiguration;
			buildSettings = {
				ASSETCATALOG_COMPILER_APPICON_NAME = AppIcon;
				DEVELOPMENT_TEAM = FWY9A99V5G;
				INFOPLIST_FILE = "仿美团tabbar/Info.plist";
				LD_RUNPATH_SEARCH_PATHS = "$(inherited) @executable_path/Frameworks";
				PRODUCT_BUNDLE_IDENTIFIER = "cn.new-moon.---tabbar";
				PRODUCT_NAME = "$(TARGET_NAME)";
				TARGETED_DEVICE_FAMILY = "1,2";
			};
			name = Release;
		};
/* End XCBuildConfiguration section */

/* Begin XCConfigurationList section */
		9CABC5EC1F302DF900ED906F /* Build configuration list for PBXProject "仿美团tabbar" */ = {
			isa = XCConfigurationList;
			buildConfigurations = (
				9CABC6061F302DF900ED906F /* Debug */,
				9CABC6071F302DF900ED906F /* Release */,
			);
			defaultConfigurationIsVisible = 0;
			defaultConfigurationName = Release;
		};
		9CABC6081F302DF900ED906F /* Build configuration list for PBXNativeTarget "仿美团tabbar" */ = {
			isa = XCConfigurationList;
			buildConfigurations = (
				9CABC6091F302DF900ED906F /* Debug */,
				9CABC60A1F302DF900ED906F /* Release */,
			);
			defaultConfigurationIsVisible = 0;
		};
/* End XCConfigurationList section */
	};
	rootObject = 9CABC5E91F302DF900ED906F /* Project object */;
}
